
Microsoft Visual Studio Solution File, Format Version 12.00
# Visual Studio 15
VisualStudioVersion = 15.0.28307.1169
MinimumVisualStudioVersion = 10.0.40219.1
Project("{FAE04EC0-301F-11D3-BF4B-00C04F79EFBC}") = "HW3Array", "HW3Array\HW3Array.csproj", "{DE2222E0-FEDF-454F-9FB4-6E5FA1EB432F}"
EndProject
Project("{FAE04EC0-301F-11D3-BF4B-00C04F79EFBC}") = "Task2", "Task2\Task2.csproj", "{2EFC24A9-6B2B-4E3B-9D08-2D8F945DFD13}"
EndProject
Project("{FAE04EC0-301F-11D3-BF4B-00C04F79EFBC}") = "Task3", "Task3\Task3.csproj", "{6E79D7F8-BFAB-4EF5-9CAE-EE5B7D4AC016}"
EndProject
Global
	GlobalSection(SolutionConfigurationPlatforms) = preSolution
		Debug|Any CPU = Debug|Any CPU
		Release|Any CPU = Release|Any CPU
	EndGlobalSection
	GlobalSection(ProjectConfigurationPlatforms) = postSolution
		{DE2222E0-FEDF-454F-9FB4-6E5FA1EB432F}.Debug|Any CPU.ActiveCfg = Debug|Any CPU
		{DE2222E0-FEDF-454F-9FB4-6E5FA1EB432F}.Debug|Any CPU.Build.0 = Debug|Any CPU
		{DE2222E0-FEDF-454F-9FB4-6E5FA1EB432F}.Release|Any CPU.ActiveCfg = Release|Any CPU
		{DE2222E0-FEDF-454F-9FB4-6E5FA1EB432F}.Release|Any CPU.Build.0 = Release|Any CPU
		{2EFC24A9-6B2B-4E3B-9D08-2D8F945DFD13}.Debug|Any CPU.ActiveCfg = Debug|Any CPU
		{2EFC24A9-6B2B-4E3B-9D08-2D8F945DFD13}.Debug|Any CPU.Build.0 = Debug|Any CPU
		{2EFC24A9-6B2B-4E3B-9D08-2D8F945DFD13}.Release|Any CPU.ActiveCfg = Release|Any CPU
		{2EFC24A9-6B2B-4E3B-9D08-2D8F945DFD13}.Release|Any CPU.Build.0 = Release|Any CPU
		{6E79D7F8-BFAB-4EF5-9CAE-EE5B7D4AC016}.Debug|Any CPU.ActiveCfg = Debug|Any CPU
		{6E79D7F8-BFAB-4EF5-9CAE-EE5B7D4AC016}.Debug|Any CPU.Build.0 = Debug|Any CPU
		{6E79D7F8-BFAB-4EF5-9CAE-EE5B7D4AC016}.Release|Any CPU.ActiveCfg = Release|Any CPU
		{6E79D7F8-BFAB-4EF5-9CAE-EE5B7D4AC016}.Release|Any CPU.Build.0 = Release|Any CPU
	EndGlobalSection
	GlobalSection(SolutionProperties) = preSolution
		HideSolutionNode = FALSE
	EndGlobalSection
	GlobalSection(ExtensibilityGlobals) = postSolution
		SolutionGuid = {1A3AF3EE-E58C-46E7-995A-029DE8F72972}
	EndGlobalSection
EndGlobal
